
Microsoft Visual Studio Solution File, Format Version 12.00
# Visual Studio Version 17
VisualStudioVersion = 17.13.35825.156 d17.13
MinimumVisualStudioVersion = 10.0.40219.1
Project("{FAE04EC0-301F-11D3-BF4B-00C04F79EFBC}") = "SbomTest", "SbomTest\SbomTest.csproj", "{DE00BD9D-658A-4F19-90FA-BB8F63B247C1}"
EndProject
Project("{FAE04EC0-301F-11D3-BF4B-00C04F79EFBC}") = "Project1", "Project1\Project1.csproj", "{B257C811-47C2-4C96-96AF-C5F962CAD518}"
EndProject
Project("{2150E333-8FDC-42A3-9474-1A3956D46DE8}") = "Internal", "Internal", "{02EA681E-C7D8-13C7-8484-4AC65E1B71E8}"
EndProject
Project("{2150E333-8FDC-42A3-9474-1A3956D46DE8}") = "Code Analysis", "Code Analysis", "{4DF944D4-4D60-4448-AE1A-84754C569005}"
	ProjectSection(SolutionItems) = preProject
		Internal\Code Analysis\qaction-debug.ruleset = Internal\Code Analysis\qaction-debug.ruleset
		Internal\Code Analysis\qaction-release.ruleset = Internal\Code Analysis\qaction-release.ruleset
		Internal\Code Analysis\stylecop.json = Internal\Code Analysis\stylecop.json
	EndProjectSection
EndProject
Global
	GlobalSection(SolutionConfigurationPlatforms) = preSolution
		Debug|Any CPU = Debug|Any CPU
		Release|Any CPU = Release|Any CPU
	EndGlobalSection
	GlobalSection(ProjectConfigurationPlatforms) = postSolution
		{DE00BD9D-658A-4F19-90FA-BB8F63B247C1}.Debug|Any CPU.ActiveCfg = Debug|Any CPU
		{DE00BD9D-658A-4F19-90FA-BB8F63B247C1}.Debug|Any CPU.Build.0 = Debug|Any CPU
		{DE00BD9D-658A-4F19-90FA-BB8F63B247C1}.Release|Any CPU.ActiveCfg = Release|Any CPU
		{DE00BD9D-658A-4F19-90FA-BB8F63B247C1}.Release|Any CPU.Build.0 = Release|Any CPU
		{B257C811-47C2-4C96-96AF-C5F962CAD518}.Debug|Any CPU.ActiveCfg = Debug|Any CPU
		{B257C811-47C2-4C96-96AF-C5F962CAD518}.Debug|Any CPU.Build.0 = Debug|Any CPU
		{B257C811-47C2-4C96-96AF-C5F962CAD518}.Release|Any CPU.ActiveCfg = Release|Any CPU
		{B257C811-47C2-4C96-96AF-C5F962CAD518}.Release|Any CPU.Build.0 = Release|Any CPU
	EndGlobalSection
	GlobalSection(SolutionProperties) = preSolution
		HideSolutionNode = FALSE
	EndGlobalSection
	GlobalSection(NestedProjects) = preSolution
		{4DF944D4-4D60-4448-AE1A-84754C569005} = {02EA681E-C7D8-13C7-8484-4AC65E1B71E8}
	EndGlobalSection
	GlobalSection(ExtensibilityGlobals) = postSolution
		SolutionGuid = {5D8293B3-C40B-4549-9407-9B0F1328A3B7}
	EndGlobalSection
EndGlobal
